
Microsoft Visual Studio Solution File, Format Version 12.00
# Visual Studio 15
VisualStudioVersion = 15.0.28010.2050
MinimumVisualStudioVersion = 10.0.40219.1
Project("{FAE04EC0-301F-11D3-BF4B-00C04F79EFBC}") = "Weapons Cleaning", "Weapons Cleaning\Weapons Cleaning.csproj", "{486DFA19-304B-4AC2-ABCA-5EA4B475072A}"
EndProject
Global
	GlobalSection(SolutionConfigurationPlatforms) = preSolution
		Debug|Any CPU = Debug|Any CPU
		Release|Any CPU = Release|Any CPU
	EndGlobalSection
	GlobalSection(ProjectConfigurationPlatforms) = postSolution
		{486DFA19-304B-4AC2-ABCA-5EA4B475072A}.Debug|Any CPU.ActiveCfg = Debug|Any CPU
		{486DFA19-304B-4AC2-ABCA-5EA4B475072A}.Debug|Any CPU.Build.0 = Debug|Any CPU
		{486DFA19-304B-4AC2-ABCA-5EA4B475072A}.Release|Any CPU.ActiveCfg = Release|Any CPU
		{486DFA19-304B-4AC2-ABCA-5EA4B475072A}.Release|Any CPU.Build.0 = Release|Any CPU
	EndGlobalSection
	GlobalSection(SolutionProperties) = preSolution
		HideSolutionNode = FALSE
	EndGlobalSection
	GlobalSection(ExtensibilityGlobals) = postSolution
		SolutionGuid = {5549F0CE-18A9-4249-88EC-87073C8B4073}
	EndGlobalSection
EndGlobal
